
Microsoft Visual Studio Solution File, Format Version 12.00
# Visual Studio 15
VisualStudioVersion = 15.0.28010.2019
MinimumVisualStudioVersion = 10.0.40219.1
Project("{FAE04EC0-301F-11D3-BF4B-00C04F79EFBC}") = "Text Input", "Text Input\Text Input.csproj", "{E890C150-F598-4092-9E3D-02341DAA9EDC}"
EndProject
Global
	GlobalSection(SolutionConfigurationPlatforms) = preSolution
		Debug|x86 = Debug|x86
		Release|x86 = Release|x86
	EndGlobalSection
	GlobalSection(ProjectConfigurationPlatforms) = postSolution
		{E890C150-F598-4092-9E3D-02341DAA9EDC}.Debug|x86.ActiveCfg = Debug|x86
		{E890C150-F598-4092-9E3D-02341DAA9EDC}.Debug|x86.Build.0 = Debug|x86
		{E890C150-F598-4092-9E3D-02341DAA9EDC}.Release|x86.ActiveCfg = Release|x86
		{E890C150-F598-4092-9E3D-02341DAA9EDC}.Release|x86.Build.0 = Release|x86
	EndGlobalSection
	GlobalSection(SolutionProperties) = preSolution
		HideSolutionNode = FALSE
	EndGlobalSection
	GlobalSection(ExtensibilityGlobals) = postSolution
		SolutionGuid = {11BC1424-C383-40E7-9D6F-446A0A432E2F}
	EndGlobalSection
EndGlobal
